
Microsoft Visual Studio Solution File, Format Version 12.00
# Visual Studio 15
VisualStudioVersion = 15.0.28010.2016
MinimumVisualStudioVersion = 10.0.40219.1
Project("{FAE04EC0-301F-11D3-BF4B-00C04F79EFBC}") = "MobileApp", "MobileApp\MobileApp.csproj", "{E7E8D927-3F35-4A2F-8D82-9E049318A5FE}"
EndProject
Global
	GlobalSection(SolutionConfigurationPlatforms) = preSolution
		Debug|Any CPU = Debug|Any CPU
		Release|Any CPU = Release|Any CPU
	EndGlobalSection
	GlobalSection(ProjectConfigurationPlatforms) = postSolution
		{E7E8D927-3F35-4A2F-8D82-9E049318A5FE}.Debug|Any CPU.ActiveCfg = Debug|Any CPU
		{E7E8D927-3F35-4A2F-8D82-9E049318A5FE}.Debug|Any CPU.Build.0 = Debug|Any CPU
		{E7E8D927-3F35-4A2F-8D82-9E049318A5FE}.Release|Any CPU.ActiveCfg = Release|Any CPU
		{E7E8D927-3F35-4A2F-8D82-9E049318A5FE}.Release|Any CPU.Build.0 = Release|Any CPU
	EndGlobalSection
	GlobalSection(SolutionProperties) = preSolution
		HideSolutionNode = FALSE
	EndGlobalSection
	GlobalSection(ExtensibilityGlobals) = postSolution
		SolutionGuid = {B0744C28-A36B-423A-AAC4-4464B30EEBE6}
	EndGlobalSection
EndGlobal
